
Microsoft Visual Studio Solution File, Format Version 12.00
# Visual Studio 2013
VisualStudioVersion = 12.0.31101.0
MinimumVisualStudioVersion = 10.0.40219.1
Project("{FAE04EC0-301F-11D3-BF4B-00C04F79EFBC}") = "RigolLib", "RigolLib\RigolLib.csproj", "{EA1A311F-EF37-4DE0-9436-8272E6F82434}"
EndProject
Project("{FAE04EC0-301F-11D3-BF4B-00C04F79EFBC}") = "RigolLibTest", "RigolLibTest\RigolLibTest.csproj", "{67750646-D8B4-43B5-B7A2-90D5E4CD5C70}"
EndProject
Global
	GlobalSection(SolutionConfigurationPlatforms) = preSolution
		Debug|Any CPU = Debug|Any CPU
		Release|Any CPU = Release|Any CPU
	EndGlobalSection
	GlobalSection(ProjectConfigurationPlatforms) = postSolution
		{EA1A311F-EF37-4DE0-9436-8272E6F82434}.Debug|Any CPU.ActiveCfg = Debug|Any CPU
		{EA1A311F-EF37-4DE0-9436-8272E6F82434}.Debug|Any CPU.Build.0 = Debug|Any CPU
		{EA1A311F-EF37-4DE0-9436-8272E6F82434}.Release|Any CPU.ActiveCfg = Release|Any CPU
		{EA1A311F-EF37-4DE0-9436-8272E6F82434}.Release|Any CPU.Build.0 = Release|Any CPU
		{67750646-D8B4-43B5-B7A2-90D5E4CD5C70}.Debug|Any CPU.ActiveCfg = Debug|Any CPU
		{67750646-D8B4-43B5-B7A2-90D5E4CD5C70}.Debug|Any CPU.Build.0 = Debug|Any CPU
		{67750646-D8B4-43B5-B7A2-90D5E4CD5C70}.Release|Any CPU.ActiveCfg = Release|Any CPU
		{67750646-D8B4-43B5-B7A2-90D5E4CD5C70}.Release|Any CPU.Build.0 = Release|Any CPU
	EndGlobalSection
	GlobalSection(SolutionProperties) = preSolution
		HideSolutionNode = FALSE
	EndGlobalSection
EndGlobal
